# Prisma Migrate lockfile v1

20200806151131-migration
20200806153217-migration
20200811100617-migration
20200811103904-migration
20200811135135-migration
20200811171709-migration
20200811175623-migration
20200811180828-migration
20200811181929-migration
20200811182241-migration
20200817164836-migration